
Microsoft Visual Studio Solution File, Format Version 12.00
# Visual Studio Version 16
VisualStudioVersion = 16.0.30011.22
MinimumVisualStudioVersion = 10.0.40219.1
Project("{9A19103F-16F7-4668-BE54-9A1E7A4F7556}") = "TransformerTool", "TransformerTool\TransformerTool.csproj", "{8F31074F-D167-4701-965A-8F0818F5E8EC}"
EndProject
Project("{9A19103F-16F7-4668-BE54-9A1E7A4F7556}") = "Tests", "Tests\Tests.csproj", "{FDDB2EEE-8A1F-46CF-B3C7-FC93CA7CE4F6}"
EndProject
Global
	GlobalSection(SolutionConfigurationPlatforms) = preSolution
		Debug|Any CPU = Debug|Any CPU
		Release|Any CPU = Release|Any CPU
	EndGlobalSection
	GlobalSection(ProjectConfigurationPlatforms) = postSolution
		{8F31074F-D167-4701-965A-8F0818F5E8EC}.Debug|Any CPU.ActiveCfg = Debug|Any CPU
		{8F31074F-D167-4701-965A-8F0818F5E8EC}.Debug|Any CPU.Build.0 = Debug|Any CPU
		{8F31074F-D167-4701-965A-8F0818F5E8EC}.Release|Any CPU.ActiveCfg = Release|Any CPU
		{8F31074F-D167-4701-965A-8F0818F5E8EC}.Release|Any CPU.Build.0 = Release|Any CPU
		{FDDB2EEE-8A1F-46CF-B3C7-FC93CA7CE4F6}.Debug|Any CPU.ActiveCfg = Debug|Any CPU
		{FDDB2EEE-8A1F-46CF-B3C7-FC93CA7CE4F6}.Debug|Any CPU.Build.0 = Debug|Any CPU
		{FDDB2EEE-8A1F-46CF-B3C7-FC93CA7CE4F6}.Release|Any CPU.ActiveCfg = Release|Any CPU
		{FDDB2EEE-8A1F-46CF-B3C7-FC93CA7CE4F6}.Release|Any CPU.Build.0 = Release|Any CPU
	EndGlobalSection
	GlobalSection(SolutionProperties) = preSolution
		HideSolutionNode = FALSE
	EndGlobalSection
	GlobalSection(ExtensibilityGlobals) = postSolution
		SolutionGuid = {7D2C7DB4-989D-4A44-A849-8970AE92CA3F}
	EndGlobalSection
EndGlobal
